
Microsoft Visual Studio Solution File, Format Version 12.00
# Visual Studio 15
VisualStudioVersion = 15.0.28307.705
MinimumVisualStudioVersion = 10.0.40219.1
Project("{FAE04EC0-301F-11D3-BF4B-00C04F79EFBC}") = "Project1", "Project1\Project1.csproj", "{029405BC-4732-42C2-9723-28D90CC608F1}"
EndProject
Global
	GlobalSection(SolutionConfigurationPlatforms) = preSolution
		Debug|Any CPU = Debug|Any CPU
		Release|Any CPU = Release|Any CPU
	EndGlobalSection
	GlobalSection(ProjectConfigurationPlatforms) = postSolution
		{029405BC-4732-42C2-9723-28D90CC608F1}.Debug|Any CPU.ActiveCfg = Debug|Any CPU
		{029405BC-4732-42C2-9723-28D90CC608F1}.Debug|Any CPU.Build.0 = Debug|Any CPU
		{029405BC-4732-42C2-9723-28D90CC608F1}.Release|Any CPU.ActiveCfg = Release|Any CPU
		{029405BC-4732-42C2-9723-28D90CC608F1}.Release|Any CPU.Build.0 = Release|Any CPU
	EndGlobalSection
	GlobalSection(SolutionProperties) = preSolution
		HideSolutionNode = FALSE
	EndGlobalSection
	GlobalSection(ExtensibilityGlobals) = postSolution
		SolutionGuid = {441C3456-BA46-48BE-9C9E-DAAE24DE97E5}
	EndGlobalSection
EndGlobal
